
Microsoft Visual Studio Solution File, Format Version 12.00
# Visual Studio 2013
VisualStudioVersion = 12.0.0.0
MinimumVisualStudioVersion = 10.0.0.1
Project("{FAE04EC0-301F-11D3-BF4B-00C04F79EFBC}") = "Abstract Factory", "Abstract Factory\Abstract Factory.csproj", "{61276165-F965-46FE-A7AC-AFC412B959BC}"
EndProject
Project("{FAE04EC0-301F-11D3-BF4B-00C04F79EFBC}") = "Command", "Command\Command.csproj", "{3DBF1617-823A-4ABA-93BA-E1E558A8C006}"
EndProject
Project("{FAE04EC0-301F-11D3-BF4B-00C04F79EFBC}") = "Composite", "Composite\Composite.csproj", "{FC96F957-6378-467A-8B3C-241A0B734670}"
EndProject
Project("{FAE04EC0-301F-11D3-BF4B-00C04F79EFBC}") = "Decorator", "Decorator\Decorator.csproj", "{4909FA9D-7D6B-47C1-AC70-63E62F12053E}"
EndProject
Project("{FAE04EC0-301F-11D3-BF4B-00C04F79EFBC}") = "Factory Method", "Factory Method\Factory Method.csproj", "{E309147D-76C0-4B7B-925A-0A8BA7E9F336}"
EndProject
Project("{FAE04EC0-301F-11D3-BF4B-00C04F79EFBC}") = "Iterator", "Iterator\Iterator.csproj", "{BE00B68C-0E92-48A5-A7B2-C40746A49975}"
EndProject
Project("{FAE04EC0-301F-11D3-BF4B-00C04F79EFBC}") = "Observer", "Observer\Observer.csproj", "{32165A8F-490C-411A-B52B-EE3B3271224C}"
EndProject
Project("{FAE04EC0-301F-11D3-BF4B-00C04F79EFBC}") = "Singleton", "Singleton\Singleton.csproj", "{9C39E12C-8117-4535-9241-032D02EEA875}"
EndProject
Project("{FAE04EC0-301F-11D3-BF4B-00C04F79EFBC}") = "Strategy", "Strategy\Strategy.csproj", "{1E0F813C-304B-4363-8D40-EC7D6D18460A}"
EndProject
Project("{FAE04EC0-301F-11D3-BF4B-00C04F79EFBC}") = "Template Method", "Template Method\Template Method.csproj", "{6B95D017-88B9-4577-A1C6-674323B631F8}"
EndProject
Project("{FAE04EC0-301F-11D3-BF4B-00C04F79EFBC}") = "ProefExamen", "ProefExamen\ProefExamen.csproj", "{38637DFD-5511-428C-8669-589E171A8F5B}"
EndProject
Project("{FAE04EC0-301F-11D3-BF4B-00C04F79EFBC}") = "SolidDemos", "SolidDemos\SolidDemos.csproj", "{B15E8BE7-1906-4314-A27D-B2B251BAE7DE}"
EndProject
Global
	GlobalSection(SolutionConfigurationPlatforms) = preSolution
		Debug|Any CPU = Debug|Any CPU
		Release|Any CPU = Release|Any CPU
	EndGlobalSection
	GlobalSection(ProjectConfigurationPlatforms) = postSolution
		{61276165-F965-46FE-A7AC-AFC412B959BC}.Debug|Any CPU.ActiveCfg = Debug|Any CPU
		{61276165-F965-46FE-A7AC-AFC412B959BC}.Debug|Any CPU.Build.0 = Debug|Any CPU
		{61276165-F965-46FE-A7AC-AFC412B959BC}.Release|Any CPU.ActiveCfg = Release|Any CPU
		{61276165-F965-46FE-A7AC-AFC412B959BC}.Release|Any CPU.Build.0 = Release|Any CPU
		{3DBF1617-823A-4ABA-93BA-E1E558A8C006}.Debug|Any CPU.ActiveCfg = Debug|Any CPU
		{3DBF1617-823A-4ABA-93BA-E1E558A8C006}.Debug|Any CPU.Build.0 = Debug|Any CPU
		{3DBF1617-823A-4ABA-93BA-E1E558A8C006}.Release|Any CPU.ActiveCfg = Release|Any CPU
		{3DBF1617-823A-4ABA-93BA-E1E558A8C006}.Release|Any CPU.Build.0 = Release|Any CPU
		{FC96F957-6378-467A-8B3C-241A0B734670}.Debug|Any CPU.ActiveCfg = Debug|Any CPU
		{FC96F957-6378-467A-8B3C-241A0B734670}.Debug|Any CPU.Build.0 = Debug|Any CPU
		{FC96F957-6378-467A-8B3C-241A0B734670}.Release|Any CPU.ActiveCfg = Release|Any CPU
		{FC96F957-6378-467A-8B3C-241A0B734670}.Release|Any CPU.Build.0 = Release|Any CPU
		{4909FA9D-7D6B-47C1-AC70-63E62F12053E}.Debug|Any CPU.ActiveCfg = Debug|Any CPU
		{4909FA9D-7D6B-47C1-AC70-63E62F12053E}.Debug|Any CPU.Build.0 = Debug|Any CPU
		{4909FA9D-7D6B-47C1-AC70-63E62F12053E}.Release|Any CPU.ActiveCfg = Release|Any CPU
		{4909FA9D-7D6B-47C1-AC70-63E62F12053E}.Release|Any CPU.Build.0 = Release|Any CPU
		{E309147D-76C0-4B7B-925A-0A8BA7E9F336}.Debug|Any CPU.ActiveCfg = Debug|Any CPU
		{E309147D-76C0-4B7B-925A-0A8BA7E9F336}.Debug|Any CPU.Build.0 = Debug|Any CPU
		{E309147D-76C0-4B7B-925A-0A8BA7E9F336}.Release|Any CPU.ActiveCfg = Release|Any CPU
		{E309147D-76C0-4B7B-925A-0A8BA7E9F336}.Release|Any CPU.Build.0 = Release|Any CPU
		{BE00B68C-0E92-48A5-A7B2-C40746A49975}.Debug|Any CPU.ActiveCfg = Debug|Any CPU
		{BE00B68C-0E92-48A5-A7B2-C40746A49975}.Debug|Any CPU.Build.0 = Debug|Any CPU
		{BE00B68C-0E92-48A5-A7B2-C40746A49975}.Release|Any CPU.ActiveCfg = Release|Any CPU
		{BE00B68C-0E92-48A5-A7B2-C40746A49975}.Release|Any CPU.Build.0 = Release|Any CPU
		{32165A8F-490C-411A-B52B-EE3B3271224C}.Debug|Any CPU.ActiveCfg = Debug|Any CPU
		{32165A8F-490C-411A-B52B-EE3B3271224C}.Debug|Any CPU.Build.0 = Debug|Any CPU
		{32165A8F-490C-411A-B52B-EE3B3271224C}.Release|Any CPU.ActiveCfg = Release|Any CPU
		{32165A8F-490C-411A-B52B-EE3B3271224C}.Release|Any CPU.Build.0 = Release|Any CPU
		{9C39E12C-8117-4535-9241-032D02EEA875}.Debug|Any CPU.ActiveCfg = Debug|Any CPU
		{9C39E12C-8117-4535-9241-032D02EEA875}.Debug|Any CPU.Build.0 = Debug|Any CPU
		{9C39E12C-8117-4535-9241-032D02EEA875}.Release|Any CPU.ActiveCfg = Release|Any CPU
		{9C39E12C-8117-4535-9241-032D02EEA875}.Release|Any CPU.Build.0 = Release|Any CPU
		{1E0F813C-304B-4363-8D40-EC7D6D18460A}.Debug|Any CPU.ActiveCfg = Debug|Any CPU
		{1E0F813C-304B-4363-8D40-EC7D6D18460A}.Debug|Any CPU.Build.0 = Debug|Any CPU
		{1E0F813C-304B-4363-8D40-EC7D6D18460A}.Release|Any CPU.ActiveCfg = Release|Any CPU
		{1E0F813C-304B-4363-8D40-EC7D6D18460A}.Release|Any CPU.Build.0 = Release|Any CPU
		{6B95D017-88B9-4577-A1C6-674323B631F8}.Debug|Any CPU.ActiveCfg = Debug|Any CPU
		{6B95D017-88B9-4577-A1C6-674323B631F8}.Debug|Any CPU.Build.0 = Debug|Any CPU
		{6B95D017-88B9-4577-A1C6-674323B631F8}.Release|Any CPU.ActiveCfg = Release|Any CPU
		{6B95D017-88B9-4577-A1C6-674323B631F8}.Release|Any CPU.Build.0 = Release|Any CPU
		{38637DFD-5511-428C-8669-589E171A8F5B}.Debug|Any CPU.ActiveCfg = Debug|Any CPU
		{38637DFD-5511-428C-8669-589E171A8F5B}.Debug|Any CPU.Build.0 = Debug|Any CPU
		{38637DFD-5511-428C-8669-589E171A8F5B}.Release|Any CPU.ActiveCfg = Release|Any CPU
		{38637DFD-5511-428C-8669-589E171A8F5B}.Release|Any CPU.Build.0 = Release|Any CPU
		{B15E8BE7-1906-4314-A27D-B2B251BAE7DE}.Debug|Any CPU.ActiveCfg = Debug|Any CPU
		{B15E8BE7-1906-4314-A27D-B2B251BAE7DE}.Debug|Any CPU.Build.0 = Debug|Any CPU
		{B15E8BE7-1906-4314-A27D-B2B251BAE7DE}.Release|Any CPU.ActiveCfg = Release|Any CPU
		{B15E8BE7-1906-4314-A27D-B2B251BAE7DE}.Release|Any CPU.Build.0 = Release|Any CPU
	EndGlobalSection
	GlobalSection(SolutionProperties) = preSolution
		HideSolutionNode = FALSE
	EndGlobalSection
EndGlobal
