
Microsoft Visual Studio Solution File, Format Version 12.00
# Visual Studio 2012
Project("{FAE04EC0-301F-11D3-BF4B-00C04F79EFBC}") = "CommandPatternPractice", "CommandPatternPractice\CommandPatternPractice.csproj", "{A1374AA2-6ECE-47E8-B657-0D47D79BD740}"
EndProject
Global
	GlobalSection(SolutionConfigurationPlatforms) = preSolution
		Debug|Any CPU = Debug|Any CPU
		Release|Any CPU = Release|Any CPU
	EndGlobalSection
	GlobalSection(ProjectConfigurationPlatforms) = postSolution
		{A1374AA2-6ECE-47E8-B657-0D47D79BD740}.Debug|Any CPU.ActiveCfg = Debug|Any CPU
		{A1374AA2-6ECE-47E8-B657-0D47D79BD740}.Debug|Any CPU.Build.0 = Debug|Any CPU
		{A1374AA2-6ECE-47E8-B657-0D47D79BD740}.Release|Any CPU.ActiveCfg = Release|Any CPU
		{A1374AA2-6ECE-47E8-B657-0D47D79BD740}.Release|Any CPU.Build.0 = Release|Any CPU
	EndGlobalSection
EndGlobal
